
Microsoft Visual Studio Solution File, Format Version 12.00
# Visual Studio 15
VisualStudioVersion = 15.0.27428.2015
MinimumVisualStudioVersion = 10.0.40219.1
Project("{FAE04EC0-301F-11D3-BF4B-00C04F79EFBC}") = "WindowsFormsApp1", "WindowsFormsApp1\WindowsFormsApp1.csproj", "{B60E62B5-78C8-4425-A28E-65C7F7C0278F}"
EndProject
Global
	GlobalSection(SolutionConfigurationPlatforms) = preSolution
		Debug|Any CPU = Debug|Any CPU
		Release|Any CPU = Release|Any CPU
	EndGlobalSection
	GlobalSection(ProjectConfigurationPlatforms) = postSolution
		{B60E62B5-78C8-4425-A28E-65C7F7C0278F}.Debug|Any CPU.ActiveCfg = Debug|Any CPU
		{B60E62B5-78C8-4425-A28E-65C7F7C0278F}.Debug|Any CPU.Build.0 = Debug|Any CPU
		{B60E62B5-78C8-4425-A28E-65C7F7C0278F}.Release|Any CPU.ActiveCfg = Release|Any CPU
		{B60E62B5-78C8-4425-A28E-65C7F7C0278F}.Release|Any CPU.Build.0 = Release|Any CPU
	EndGlobalSection
	GlobalSection(SolutionProperties) = preSolution
		HideSolutionNode = FALSE
	EndGlobalSection
	GlobalSection(ExtensibilityGlobals) = postSolution
		SolutionGuid = {B94F6824-6B40-45EA-A8F4-DBB68C6251B2}
	EndGlobalSection
EndGlobal
